
Microsoft Visual Studio Solution File, Format Version 12.00
# Visual Studio Version 17
VisualStudioVersion = 17.14.36202.13 d17.14
MinimumVisualStudioVersion = 10.0.40219.1
Project("{FAE04EC0-301F-11D3-BF4B-00C04F79EFBC}") = "GameManagerWebForms", "GameManagerWebForms.csproj", "{B7E1C474-FD29-429B-AAC9-BA84F1FEE944}"
EndProject
Global
	GlobalSection(SolutionConfigurationPlatforms) = preSolution
		Debug|Any CPU = Debug|Any CPU
		Release|Any CPU = Release|Any CPU
	EndGlobalSection
	GlobalSection(ProjectConfigurationPlatforms) = postSolution
		{B7E1C474-FD29-429B-AAC9-BA84F1FEE944}.Debug|Any CPU.ActiveCfg = Debug|Any CPU
		{B7E1C474-FD29-429B-AAC9-BA84F1FEE944}.Debug|Any CPU.Build.0 = Debug|Any CPU
		{B7E1C474-FD29-429B-AAC9-BA84F1FEE944}.Release|Any CPU.ActiveCfg = Release|Any CPU
		{B7E1C474-FD29-429B-AAC9-BA84F1FEE944}.Release|Any CPU.Build.0 = Release|Any CPU
	EndGlobalSection
	GlobalSection(SolutionProperties) = preSolution
		HideSolutionNode = FALSE
	EndGlobalSection
	GlobalSection(ExtensibilityGlobals) = postSolution
		SolutionGuid = {C6DF17D7-C9BC-4525-B541-5F9DE0D6821A}
	EndGlobalSection
EndGlobal
